// !$*UTF8*$!
{
	archiveVersion = 1;
	classes = {
	};
	objectVersion = 46;
	objects = {

/* Begin PBXBuildFile section */
		226AB154F0D33F84A0872D93 /* Pods_SimpleWeather.framework in Frameworks */ = {isa = PBXBuildFile; fileRef = 7F47E92EF0559B13A628E0F3 /* Pods_SimpleWeather.framework */; };
		3C2D0FC96E743567495C9FA7 /* Pods_SimpleWeatherUITests.framework in Frameworks */ = {isa = PBXBuildFile; fileRef = 76A1A6F9DFB7C6B2A6470044 /* Pods_SimpleWeatherUITests.framework */; };
		7396B6AA0090AE415C32EE5F /* Pods_SimpleWeatherTests.framework in Frameworks */ = {isa = PBXBuildFile; fileRef = D301CD1354B83FB813BD96F3 /* Pods_SimpleWeatherTests.framework */; };
		D905B53A1DED8B8300A6CE7A /* AppDelegate.swift in Sources */ = {isa = PBXBuildFile; fileRef = D905B5391DED8B8300A6CE7A /* AppDelegate.swift */; };
		D905B53C1DED8B8300A6CE7A /* ViewController.swift in Sources */ = {isa = PBXBuildFile; fileRef = D905B53B1DED8B8300A6CE7A /* ViewController.swift */; };
		D905B53F1DED8B8300A6CE7A /* Main.storyboard in Resources */ = {isa = PBXBuildFile; fileRef = D905B53D1DED8B8300A6CE7A /* Main.storyboard */; };
		D905B5411DED8B8300A6CE7A /* Assets.xcassets in Resources */ = {isa = PBXBuildFile; fileRef = D905B5401DED8B8300A6CE7A /* Assets.xcassets */; };
		D905B5441DED8B8300A6CE7A /* LaunchScreen.storyboard in Resources */ = {isa = PBXBuildFile; fileRef = D905B5421DED8B8300A6CE7A /* LaunchScreen.storyboard */; };
		D905B54F1DED8B8400A6CE7A /* SimpleWeatherTests.swift in Sources */ = {isa = PBXBuildFile; fileRef = D905B54E1DED8B8400A6CE7A /* SimpleWeatherTests.swift */; };
		D905B55A1DED8B8400A6CE7A /* SimpleWeatherUITests.swift in Sources */ = {isa = PBXBuildFile; fileRef = D905B5591DED8B8400A6CE7A /* SimpleWeatherUITests.swift */; };
		D905B5681DEEA8A100A6CE7A /* WeatherService.swift in Sources */ = {isa = PBXBuildFile; fileRef = D905B5671DEEA8A100A6CE7A /* WeatherService.swift */; };
/* End PBXBuildFile section */

/* Begin PBXContainerItemProxy section */
		D905B54B1DED8B8300A6CE7A /* PBXContainerItemProxy */ = {
			isa = PBXContainerItemProxy;
			containerPortal = D905B52E1DED8B8300A6CE7A /* Project object */;
			proxyType = 1;
			remoteGlobalIDString = D905B5351DED8B8300A6CE7A;
			remoteInfo = SimpleWeather;
		};
		D905B5561DED8B8400A6CE7A /* PBXContainerItemProxy */ = {
			isa = PBXContainerItemProxy;
			containerPortal = D905B52E1DED8B8300A6CE7A /* Project object */;
			proxyType = 1;
			remoteGlobalIDString = D905B5351DED8B8300A6CE7A;
			remoteInfo = SimpleWeather;
		};
/* End PBXContainerItemProxy section */

/* Begin PBXFileReference section */
		06A0D9A5EB31AD07B29ED258 /* Pods-SimpleWeatherUITests.release.xcconfig */ = {isa = PBXFileReference; includeInIndex = 1; lastKnownFileType = text.xcconfig; name = "Pods-SimpleWeatherUITests.release.xcconfig"; path = "Pods/Target Support Files/Pods-SimpleWeatherUITests/Pods-SimpleWeatherUITests.release.xcconfig"; sourceTree = "<group>"; };
		32E78E6C8D763FB011AFF853 /* Pods-SimpleWeather.debug.xcconfig */ = {isa = PBXFileReference; includeInIndex = 1; lastKnownFileType = text.xcconfig; name = "Pods-SimpleWeather.debug.xcconfig"; path = "Pods/Target Support Files/Pods-SimpleWeather/Pods-SimpleWeather.debug.xcconfig"; sourceTree = "<group>"; };
		50374EE3ABDD5D1B64B00E0C /* Pods-SimpleWeatherUITests.debug.xcconfig */ = {isa = PBXFileReference; includeInIndex = 1; lastKnownFileType = text.xcconfig; name = "Pods-SimpleWeatherUITests.debug.xcconfig"; path = "Pods/Target Support Files/Pods-SimpleWeatherUITests/Pods-SimpleWeatherUITests.debug.xcconfig"; sourceTree = "<group>"; };
		76A1A6F9DFB7C6B2A6470044 /* Pods_SimpleWeatherUITests.framework */ = {isa = PBXFileReference; explicitFileType = wrapper.framework; includeInIndex = 0; path = Pods_SimpleWeatherUITests.framework; sourceTree = BUILT_PRODUCTS_DIR; };
		7AB52F91A363DD2185C033D4 /* Pods-SimpleWeather.release.xcconfig */ = {isa = PBXFileReference; includeInIndex = 1; lastKnownFileType = text.xcconfig; name = "Pods-SimpleWeather.release.xcconfig"; path = "Pods/Target Support Files/Pods-SimpleWeather/Pods-SimpleWeather.release.xcconfig"; sourceTree = "<group>"; };
		7F47E92EF0559B13A628E0F3 /* Pods_SimpleWeather.framework */ = {isa = PBXFileReference; explicitFileType = wrapper.framework; includeInIndex = 0; path = Pods_SimpleWeather.framework; sourceTree = BUILT_PRODUCTS_DIR; };
		D301CD1354B83FB813BD96F3 /* Pods_SimpleWeatherTests.framework */ = {isa = PBXFileReference; explicitFileType = wrapper.framework; includeInIndex = 0; path = Pods_SimpleWeatherTests.framework; sourceTree = BUILT_PRODUCTS_DIR; };
		D905B5361DED8B8300A6CE7A /* SimpleWeather.app */ = {isa = PBXFileReference; explicitFileType = wrapper.application; includeInIndex = 0; path = SimpleWeather.app; sourceTree = BUILT_PRODUCTS_DIR; };
		D905B5391DED8B8300A6CE7A /* AppDelegate.swift */ = {isa = PBXFileReference; lastKnownFileType = sourcecode.swift; path = AppDelegate.swift; sourceTree = "<group>"; };
		D905B53B1DED8B8300A6CE7A /* ViewController.swift */ = {isa = PBXFileReference; lastKnownFileType = sourcecode.swift; path = ViewController.swift; sourceTree = "<group>"; };
		D905B53E1DED8B8300A6CE7A /* Base */ = {isa = PBXFileReference; lastKnownFileType = file.storyboard; name = Base; path = Base.lproj/Main.storyboard; sourceTree = "<group>"; };
		D905B5401DED8B8300A6CE7A /* Assets.xcassets */ = {isa = PBXFileReference; lastKnownFileType = folder.assetcatalog; path = Assets.xcassets; sourceTree = "<group>"; };
		D905B5431DED8B8300A6CE7A /* Base */ = {isa = PBXFileReference; lastKnownFileType = file.storyboard; name = Base; path = Base.lproj/LaunchScreen.storyboard; sourceTree = "<group>"; };
		D905B5451DED8B8300A6CE7A /* Info.plist */ = {isa = PBXFileReference; lastKnownFileType = text.plist.xml; path = Info.plist; sourceTree = "<group>"; };
		D905B54A1DED8B8300A6CE7A /* SimpleWeatherTests.xctest */ = {isa = PBXFileReference; explicitFileType = wrapper.cfbundle; includeInIndex = 0; path = SimpleWeatherTests.xctest; sourceTree = BUILT_PRODUCTS_DIR; };
		D905B54E1DED8B8400A6CE7A /* SimpleWeatherTests.swift */ = {isa = PBXFileReference; lastKnownFileType = sourcecode.swift; path = SimpleWeatherTests.swift; sourceTree = "<group>"; };
		D905B5501DED8B8400A6CE7A /* Info.plist */ = {isa = PBXFileReference; lastKnownFileType = text.plist.xml; path = Info.plist; sourceTree = "<group>"; };
		D905B5551DED8B8400A6CE7A /* SimpleWeatherUITests.xctest */ = {isa = PBXFileReference; explicitFileType = wrapper.cfbundle; includeInIndex = 0; path = SimpleWeatherUITests.xctest; sourceTree = BUILT_PRODUCTS_DIR; };
		D905B5591DED8B8400A6CE7A /* SimpleWeatherUITests.swift */ = {isa = PBXFileReference; lastKnownFileType = sourcecode.swift; path = SimpleWeatherUITests.swift; sourceTree = "<group>"; };
		D905B55B1DED8B8400A6CE7A /* Info.plist */ = {isa = PBXFileReference; lastKnownFileType = text.plist.xml; path = Info.plist; sourceTree = "<group>"; };
		D905B5671DEEA8A100A6CE7A /* WeatherService.swift */ = {isa = PBXFileReference; fileEncoding = 4; lastKnownFileType = sourcecode.swift; path = WeatherService.swift; sourceTree = "<group>"; };
		DA91DFB1AECCA6743A34A517 /* Pods-SimpleWeatherTests.debug.xcconfig */ = {isa = PBXFileReference; includeInIndex = 1; lastKnownFileType = text.xcconfig; name = "Pods-SimpleWeatherTests.debug.xcconfig"; path = "Pods/Target Support Files/Pods-SimpleWeatherTests/Pods-SimpleWeatherTests.debug.xcconfig"; sourceTree = "<group>"; };
		FC6AF233C7C2EE078D9D1512 /* Pods-SimpleWeatherTests.release.xcconfig */ = {isa = PBXFileReference; includeInIndex = 1; lastKnownFileType = text.xcconfig; name = "Pods-SimpleWeatherTests.release.xcconfig"; path = "Pods/Target Support Files/Pods-SimpleWeatherTests/Pods-SimpleWeatherTests.release.xcconfig"; sourceTree = "<group>"; };
/* End PBXFileReference section */

/* Begin PBXFrameworksBuildPhase section */
		D905B5331DED8B8300A6CE7A /* Frameworks */ = {
			isa = PBXFrameworksBuildPhase;
			buildActionMask = 2147483647;
			files = (
				226AB154F0D33F84A0872D93 /* Pods_SimpleWeather.framework in Frameworks */,
			);
			runOnlyForDeploymentPostprocessing = 0;
		};
		D905B5471DED8B8300A6CE7A /* Frameworks */ = {
			isa = PBXFrameworksBuildPhase;
			buildActionMask = 2147483647;
			files = (
				7396B6AA0090AE415C32EE5F /* Pods_SimpleWeatherTests.framework in Frameworks */,
			);
			runOnlyForDeploymentPostprocessing = 0;
		};
		D905B5521DED8B8400A6CE7A /* Frameworks */ = {
			isa = PBXFrameworksBuildPhase;
			buildActionMask = 2147483647;
			files = (
				3C2D0FC96E743567495C9FA7 /* Pods_SimpleWeatherUITests.framework in Frameworks */,
			);
			runOnlyForDeploymentPostprocessing = 0;
		};
/* End PBXFrameworksBuildPhase section */

/* Begin PBXGroup section */
		541572CA577254FDAB7C86E9 /* Pods */ = {
			isa = PBXGroup;
			children = (
				32E78E6C8D763FB011AFF853 /* Pods-SimpleWeather.debug.xcconfig */,
				7AB52F91A363DD2185C033D4 /* Pods-SimpleWeather.release.xcconfig */,
				DA91DFB1AECCA6743A34A517 /* Pods-SimpleWeatherTests.debug.xcconfig */,
				FC6AF233C7C2EE078D9D1512 /* Pods-SimpleWeatherTests.release.xcconfig */,
				50374EE3ABDD5D1B64B00E0C /* Pods-SimpleWeatherUITests.debug.xcconfig */,
				06A0D9A5EB31AD07B29ED258 /* Pods-SimpleWeatherUITests.release.xcconfig */,
			);
			name = Pods;
			sourceTree = "<group>";
		};
		AE6E397870E1F259113802CB /* Frameworks */ = {
			isa = PBXGroup;
			children = (
				7F47E92EF0559B13A628E0F3 /* Pods_SimpleWeather.framework */,
				D301CD1354B83FB813BD96F3 /* Pods_SimpleWeatherTests.framework */,
				76A1A6F9DFB7C6B2A6470044 /* Pods_SimpleWeatherUITests.framework */,
			);
			name = Frameworks;
			sourceTree = "<group>";
		};
		D905B52D1DED8B8300A6CE7A = {
			isa = PBXGroup;
			children = (
				D905B5381DED8B8300A6CE7A /* SimpleWeather */,
				D905B54D1DED8B8300A6CE7A /* SimpleWeatherTests */,
				D905B5581DED8B8400A6CE7A /* SimpleWeatherUITests */,
				D905B5371DED8B8300A6CE7A /* Products */,
				541572CA577254FDAB7C86E9 /* Pods */,
				AE6E397870E1F259113802CB /* Frameworks */,
			);
			sourceTree = "<group>";
		};
		D905B5371DED8B8300A6CE7A /* Products */ = {
			isa = PBXGroup;
			children = (
				D905B5361DED8B8300A6CE7A /* SimpleWeather.app */,
				D905B54A1DED8B8300A6CE7A /* SimpleWeatherTests.xctest */,
				D905B5551DED8B8400A6CE7A /* SimpleWeatherUITests.xctest */,
			);
			name = Products;
			sourceTree = "<group>";
		};
		D905B5381DED8B8300A6CE7A /* SimpleWeather */ = {
			isa = PBXGroup;
			children = (
				D905B5391DED8B8300A6CE7A /* AppDelegate.swift */,
				D905B53B1DED8B8300A6CE7A /* ViewController.swift */,
				D905B53D1DED8B8300A6CE7A /* Main.storyboard */,
				D905B5401DED8B8300A6CE7A /* Assets.xcassets */,
				D905B5421DED8B8300A6CE7A /* LaunchScreen.storyboard */,
				D905B5451DED8B8300A6CE7A /* Info.plist */,
				D905B5671DEEA8A100A6CE7A /* WeatherService.swift */,
			);
			path = SimpleWeather;
			sourceTree = "<group>";
		};
		D905B54D1DED8B8300A6CE7A /* SimpleWeatherTests */ = {
			isa = PBXGroup;
			children = (
				D905B54E1DED8B8400A6CE7A /* SimpleWeatherTests.swift */,
				D905B5501DED8B8400A6CE7A /* Info.plist */,
			);
			path = SimpleWeatherTests;
			sourceTree = "<group>";
		};
		D905B5581DED8B8400A6CE7A /* SimpleWeatherUITests */ = {
			isa = PBXGroup;
			children = (
				D905B5591DED8B8400A6CE7A /* SimpleWeatherUITests.swift */,
				D905B55B1DED8B8400A6CE7A /* Info.plist */,
			);
			path = SimpleWeatherUITests;
			sourceTree = "<group>";
		};
/* End PBXGroup section */

/* Begin PBXNativeTarget section */
		D905B5351DED8B8300A6CE7A /* SimpleWeather */ = {
			isa = PBXNativeTarget;
			buildConfigurationList = D905B55E1DED8B8400A6CE7A /* Build configuration list for PBXNativeTarget "SimpleWeather" */;
			buildPhases = (
				50518FF61752A6D5ED77C2A2 /* [CP] Check Pods Manifest.lock */,
				D905B5321DED8B8300A6CE7A /* Sources */,
				D905B5331DED8B8300A6CE7A /* Frameworks */,
				D905B5341DED8B8300A6CE7A /* Resources */,
				BD404E7CDCA6EAAA255A9E46 /* [CP] Embed Pods Frameworks */,
				BC1BFA8DB61B50B927720B75 /* [CP] Copy Pods Resources */,
			);
			buildRules = (
			);
			dependencies = (
			);
			name = SimpleWeather;
			productName = SimpleWeather;
			productReference = D905B5361DED8B8300A6CE7A /* SimpleWeather.app */;
			productType = "com.apple.product-type.application";
		};
		D905B5491DED8B8300A6CE7A /* SimpleWeatherTests */ = {
			isa = PBXNativeTarget;
			buildConfigurationList = D905B5611DED8B8400A6CE7A /* Build configuration list for PBXNativeTarget "SimpleWeatherTests" */;
			buildPhases = (
				16C38BF9445B81F4AF882EEE /* [CP] Check Pods Manifest.lock */,
				D905B5461DED8B8300A6CE7A /* Sources */,
				D905B5471DED8B8300A6CE7A /* Frameworks */,
				D905B5481DED8B8300A6CE7A /* Resources */,
				F2FE73F8C2EB89501BD66DD3 /* [CP] Embed Pods Frameworks */,
				0625F487BA4BE8EA67D35AED /* [CP] Copy Pods Resources */,
			);
			buildRules = (
			);
			dependencies = (
				D905B54C1DED8B8300A6CE7A /* PBXTargetDependency */,
			);
			name = SimpleWeatherTests;
			productName = SimpleWeatherTests;
			productReference = D905B54A1DED8B8300A6CE7A /* SimpleWeatherTests.xctest */;
			productType = "com.apple.product-type.bundle.unit-test";
		};
		D905B5541DED8B8400A6CE7A /* SimpleWeatherUITests */ = {
			isa = PBXNativeTarget;
			buildConfigurationList = D905B5641DED8B8400A6CE7A /* Build configuration list for PBXNativeTarget "SimpleWeatherUITests" */;
			buildPhases = (
				C7602B8A3372D49A3DF8AE11 /* [CP] Check Pods Manifest.lock */,
				D905B5511DED8B8400A6CE7A /* Sources */,
				D905B5521DED8B8400A6CE7A /* Frameworks */,
				D905B5531DED8B8400A6CE7A /* Resources */,
				FA7EB7826A17985DE7BE3B4C /* [CP] Copy Pods Resources */,
			);
			buildRules = (
			);
			dependencies = (
				D905B5571DED8B8400A6CE7A /* PBXTargetDependency */,
			);
			name = SimpleWeatherUITests;
			productName = SimpleWeatherUITests;
			productReference = D905B5551DED8B8400A6CE7A /* SimpleWeatherUITests.xctest */;
			productType = "com.apple.product-type.bundle.ui-testing";
		};
/* End PBXNativeTarget section */

/* Begin PBXProject section */
		D905B52E1DED8B8300A6CE7A /* Project object */ = {
			isa = PBXProject;
			attributes = {
				LastSwiftUpdateCheck = 0800;
				LastUpgradeCheck = 0800;
				ORGANIZATIONNAME = "Sasha Goldshtein";
				TargetAttributes = {
					D905B5351DED8B8300A6CE7A = {
						CreatedOnToolsVersion = 8.0;
						ProvisioningStyle = Automatic;
					};
					D905B5491DED8B8300A6CE7A = {
						CreatedOnToolsVersion = 8.0;
						ProvisioningStyle = Automatic;
						TestTargetID = D905B5351DED8B8300A6CE7A;
					};
					D905B5541DED8B8400A6CE7A = {
						CreatedOnToolsVersion = 8.0;
						ProvisioningStyle = Automatic;
						TestTargetID = D905B5351DED8B8300A6CE7A;
					};
				};
			};
			buildConfigurationList = D905B5311DED8B8300A6CE7A /* Build configuration list for PBXProject "SimpleWeather" */;
			compatibilityVersion = "Xcode 3.2";
			developmentRegion = English;
			hasScannedForEncodings = 0;
			knownRegions = (
				en,
				Base,
			);
			mainGroup = D905B52D1DED8B8300A6CE7A;
			productRefGroup = D905B5371DED8B8300A6CE7A /* Products */;
			projectDirPath = "";
			projectRoot = "";
			targets = (
				D905B5351DED8B8300A6CE7A /* SimpleWeather */,
				D905B5491DED8B8300A6CE7A /* SimpleWeatherTests */,
				D905B5541DED8B8400A6CE7A /* SimpleWeatherUITests */,
			);
		};
/* End PBXProject section */

/* Begin PBXResourcesBuildPhase section */
		D905B5341DED8B8300A6CE7A /* Resources */ = {
			isa = PBXResourcesBuildPhase;
			buildActionMask = 2147483647;
			files = (
				D905B5441DED8B8300A6CE7A /* LaunchScreen.storyboard in Resources */,
				D905B5411DED8B8300A6CE7A /* Assets.xcassets in Resources */,
				D905B53F1DED8B8300A6CE7A /* Main.storyboard in Resources */,
			);
			runOnlyForDeploymentPostprocessing = 0;
		};
		D905B5481DED8B8300A6CE7A /* Resources */ = {
			isa = PBXResourcesBuildPhase;
			buildActionMask = 2147483647;
			files = (
			);
			runOnlyForDeploymentPostprocessing = 0;
		};
		D905B5531DED8B8400A6CE7A /* Resources */ = {
			isa = PBXResourcesBuildPhase;
			buildActionMask = 2147483647;
			files = (
			);
			runOnlyForDeploymentPostprocessing = 0;
		};
/* End PBXResourcesBuildPhase section */

/* Begin PBXShellScriptBuildPhase section */
		0625F487BA4BE8EA67D35AED /* [CP] Copy Pods Resources */ = {
			isa = PBXShellScriptBuildPhase;
			buildActionMask = 2147483647;
			files = (
			);
			inputPaths = (
			);
			name = "[CP] Copy Pods Resources";
			outputPaths = (
			);
			runOnlyForDeploymentPostprocessing = 0;
			shellPath = /bin/sh;
			shellScript = "\"${SRCROOT}/Pods/Target Support Files/Pods-SimpleWeatherTests/Pods-SimpleWeatherTests-resources.sh\"\n";
			showEnvVarsInLog = 0;
		};
		16C38BF9445B81F4AF882EEE /* [CP] Check Pods Manifest.lock */ = {
			isa = PBXShellScriptBuildPhase;
			buildActionMask = 2147483647;
			files = (
			);
			inputPaths = (
			);
			name = "[CP] Check Pods Manifest.lock";
			outputPaths = (
			);
			runOnlyForDeploymentPostprocessing = 0;
			shellPath = /bin/sh;
			shellScript = "diff \"${PODS_ROOT}/../Podfile.lock\" \"${PODS_ROOT}/Manifest.lock\" > /dev/null\nif [[ $? != 0 ]] ; then\n    cat << EOM\nerror: The sandbox is not in sync with the Podfile.lock. Run 'pod install' or update your CocoaPods installation.\nEOM\n    exit 1\nfi\n";
			showEnvVarsInLog = 0;
		};
		50518FF61752A6D5ED77C2A2 /* [CP] Check Pods Manifest.lock */ = {
			isa = PBXShellScriptBuildPhase;
			buildActionMask = 2147483647;
			files = (
			);
			inputPaths = (
			);
			name = "[CP] Check Pods Manifest.lock";
			outputPaths = (
			);
			runOnlyForDeploymentPostprocessing = 0;
			shellPath = /bin/sh;
			shellScript = "diff \"${PODS_ROOT}/../Podfile.lock\" \"${PODS_ROOT}/Manifest.lock\" > /dev/null\nif [[ $? != 0 ]] ; then\n    cat << EOM\nerror: The sandbox is not in sync with the Podfile.lock. Run 'pod install' or update your CocoaPods installation.\nEOM\n    exit 1\nfi\n";
			showEnvVarsInLog = 0;
		};
		BC1BFA8DB61B50B927720B75 /* [CP] Copy Pods Resources */ = {
			isa = PBXShellScriptBuildPhase;
			buildActionMask = 2147483647;
			files = (
			);
			inputPaths = (
			);
			name = "[CP] Copy Pods Resources";
			outputPaths = (
			);
			runOnlyForDeploymentPostprocessing = 0;
			shellPath = /bin/sh;
			shellScript = "\"${SRCROOT}/Pods/Target Support Files/Pods-SimpleWeather/Pods-SimpleWeather-resources.sh\"\n";
			showEnvVarsInLog = 0;
		};
		BD404E7CDCA6EAAA255A9E46 /* [CP] Embed Pods Frameworks */ = {
			isa = PBXShellScriptBuildPhase;
			buildActionMask = 2147483647;
			files = (
			);
			inputPaths = (
			);
			name = "[CP] Embed Pods Frameworks";
			outputPaths = (
			);
			runOnlyForDeploymentPostprocessing = 0;
			shellPath = /bin/sh;
			shellScript = "\"${SRCROOT}/Pods/Target Support Files/Pods-SimpleWeather/Pods-SimpleWeather-frameworks.sh\"\n";
			showEnvVarsInLog = 0;
		};
		C7602B8A3372D49A3DF8AE11 /* [CP] Check Pods Manifest.lock */ = {
			isa = PBXShellScriptBuildPhase;
			buildActionMask = 2147483647;
			files = (
			);
			inputPaths = (
			);
			name = "[CP] Check Pods Manifest.lock";
			outputPaths = (
			);
			runOnlyForDeploymentPostprocessing = 0;
			shellPath = /bin/sh;
			shellScript = "diff \"${PODS_ROOT}/../Podfile.lock\" \"${PODS_ROOT}/Manifest.lock\" > /dev/null\nif [[ $? != 0 ]] ; then\n    cat << EOM\nerror: The sandbox is not in sync with the Podfile.lock. Run 'pod install' or update your CocoaPods installation.\nEOM\n    exit 1\nfi\n";
			showEnvVarsInLog = 0;
		};
		F2FE73F8C2EB89501BD66DD3 /* [CP] Embed Pods Frameworks */ = {
			isa = PBXShellScriptBuildPhase;
			buildActionMask = 2147483647;
			files = (
			);
			inputPaths = (
			);
			name = "[CP] Embed Pods Frameworks";
			outputPaths = (
			);
			runOnlyForDeploymentPostprocessing = 0;
			shellPath = /bin/sh;
			shellScript = "\"${SRCROOT}/Pods/Target Support Files/Pods-SimpleWeatherTests/Pods-SimpleWeatherTests-frameworks.sh\"\n";
			showEnvVarsInLog = 0;
		};
		FA7EB7826A17985DE7BE3B4C /* [CP] Copy Pods Resources */ = {
			isa = PBXShellScriptBuildPhase;
			buildActionMask = 2147483647;
			files = (
			);
			inputPaths = (
			);
			name = "[CP] Copy Pods Resources";
			outputPaths = (
			);
			runOnlyForDeploymentPostprocessing = 0;
			shellPath = /bin/sh;
			shellScript = "\"${SRCROOT}/Pods/Target Support Files/Pods-SimpleWeatherUITests/Pods-SimpleWeatherUITests-resources.sh\"\n";
			showEnvVarsInLog = 0;
		};
/* End PBXShellScriptBuildPhase section */

/* Begin PBXSourcesBuildPhase section */
		D905B5321DED8B8300A6CE7A /* Sources */ = {
			isa = PBXSourcesBuildPhase;
			buildActionMask = 2147483647;
			files = (
				D905B53C1DED8B8300A6CE7A /* ViewController.swift in Sources */,
				D905B5681DEEA8A100A6CE7A /* WeatherService.swift in Sources */,
				D905B53A1DED8B8300A6CE7A /* AppDelegate.swift in Sources */,
			);
			runOnlyForDeploymentPostprocessing = 0;
		};
		D905B5461DED8B8300A6CE7A /* Sources */ = {
			isa = PBXSourcesBuildPhase;
			buildActionMask = 2147483647;
			files = (
				D905B54F1DED8B8400A6CE7A /* SimpleWeatherTests.swift in Sources */,
			);
			runOnlyForDeploymentPostprocessing = 0;
		};
		D905B5511DED8B8400A6CE7A /* Sources */ = {
			isa = PBXSourcesBuildPhase;
			buildActionMask = 2147483647;
			files = (
				D905B55A1DED8B8400A6CE7A /* SimpleWeatherUITests.swift in Sources */,
			);
			runOnlyForDeploymentPostprocessing = 0;
		};
/* End PBXSourcesBuildPhase section */

/* Begin PBXTargetDependency section */
		D905B54C1DED8B8300A6CE7A /* PBXTargetDependency */ = {
			isa = PBXTargetDependency;
			target = D905B5351DED8B8300A6CE7A /* SimpleWeather */;
			targetProxy = D905B54B1DED8B8300A6CE7A /* PBXContainerItemProxy */;
		};
		D905B5571DED8B8400A6CE7A /* PBXTargetDependency */ = {
			isa = PBXTargetDependency;
			target = D905B5351DED8B8300A6CE7A /* SimpleWeather */;
			targetProxy = D905B5561DED8B8400A6CE7A /* PBXContainerItemProxy */;
		};
/* End PBXTargetDependency section */

/* Begin PBXVariantGroup section */
		D905B53D1DED8B8300A6CE7A /* Main.storyboard */ = {
			isa = PBXVariantGroup;
			children = (
				D905B53E1DED8B8300A6CE7A /* Base */,
			);
			name = Main.storyboard;
			sourceTree = "<group>";
		};
		D905B5421DED8B8300A6CE7A /* LaunchScreen.storyboard */ = {
			isa = PBXVariantGroup;
			children = (
				D905B5431DED8B8300A6CE7A /* Base */,
			);
			name = LaunchScreen.storyboard;
			sourceTree = "<group>";
		};
/* End PBXVariantGroup section */

/* Begin XCBuildConfiguration section */
		D905B55C1DED8B8400A6CE7A /* Debug */ = {
			isa = XCBuildConfiguration;
			buildSettings = {
				ALWAYS_SEARCH_USER_PATHS = NO;
				CLANG_ANALYZER_NONNULL = YES;
				CLANG_CXX_LANGUAGE_STANDARD = "gnu++0x";
				CLANG_CXX_LIBRARY = "libc++";
				CLANG_ENABLE_MODULES = YES;
				CLANG_ENABLE_OBJC_ARC = YES;
				CLANG_WARN_BOOL_CONVERSION = YES;
				CLANG_WARN_CONSTANT_CONVERSION = YES;
				CLANG_WARN_DIRECT_OBJC_ISA_USAGE = YES_ERROR;
				CLANG_WARN_DOCUMENTATION_COMMENTS = YES;
				CLANG_WARN_EMPTY_BODY = YES;
				CLANG_WARN_ENUM_CONVERSION = YES;
				CLANG_WARN_INFINITE_RECURSION = YES;
				CLANG_WARN_INT_CONVERSION = YES;
				CLANG_WARN_OBJC_ROOT_CLASS = YES_ERROR;
				CLANG_WARN_SUSPICIOUS_MOVES = YES;
				CLANG_WARN_UNREACHABLE_CODE = YES;
				CLANG_WARN__DUPLICATE_METHOD_MATCH = YES;
				"CODE_SIGN_IDENTITY[sdk=iphoneos*]" = "iPhone Developer";
				COPY_PHASE_STRIP = NO;
				DEBUG_INFORMATION_FORMAT = dwarf;
				ENABLE_STRICT_OBJC_MSGSEND = YES;
				ENABLE_TESTABILITY = YES;
				GCC_C_LANGUAGE_STANDARD = gnu99;
				GCC_DYNAMIC_NO_PIC = NO;
				GCC_NO_COMMON_BLOCKS = YES;
				GCC_OPTIMIZATION_LEVEL = 0;
				GCC_PREPROCESSOR_DEFINITIONS = (
					"DEBUG=1",
					"$(inherited)",
				);
				GCC_WARN_64_TO_32_BIT_CONVERSION = YES;
				GCC_WARN_ABOUT_RETURN_TYPE = YES_ERROR;
				GCC_WARN_UNDECLARED_SELECTOR = YES;
				GCC_WARN_UNINITIALIZED_AUTOS = YES_AGGRESSIVE;
				GCC_WARN_UNUSED_FUNCTION = YES;
				GCC_WARN_UNUSED_VARIABLE = YES;
				IPHONEOS_DEPLOYMENT_TARGET = 10.0;
				MTL_ENABLE_DEBUG_INFO = YES;
				ONLY_ACTIVE_ARCH = YES;
				SDKROOT = iphoneos;
				SWIFT_ACTIVE_COMPILATION_CONDITIONS = DEBUG;
				SWIFT_OPTIMIZATION_LEVEL = "-Onone";
			};
			name = Debug;
		};
		D905B55D1DED8B8400A6CE7A /* Release */ = {
			isa = XCBuildConfiguration;
			buildSettings = {
				ALWAYS_SEARCH_USER_PATHS = NO;
				CLANG_ANALYZER_NONNULL = YES;
				CLANG_CXX_LANGUAGE_STANDARD = "gnu++0x";
				CLANG_CXX_LIBRARY = "libc++";
				CLANG_ENABLE_MODULES = YES;
				CLANG_ENABLE_OBJC_ARC = YES;
				CLANG_WARN_BOOL_CONVERSION = YES;
				CLANG_WARN_CONSTANT_CONVERSION = YES;
				CLANG_WARN_DIRECT_OBJC_ISA_USAGE = YES_ERROR;
				CLANG_WARN_DOCUMENTATION_COMMENTS = YES;
				CLANG_WARN_EMPTY_BODY = YES;
				CLANG_WARN_ENUM_CONVERSION = YES;
				CLANG_WARN_INFINITE_RECURSION = YES;
				CLANG_WARN_INT_CONVERSION = YES;
				CLANG_WARN_OBJC_ROOT_CLASS = YES_ERROR;
				CLANG_WARN_SUSPICIOUS_MOVES = YES;
				CLANG_WARN_UNREACHABLE_CODE = YES;
				CLANG_WARN__DUPLICATE_METHOD_MATCH = YES;
				"CODE_SIGN_IDENTITY[sdk=iphoneos*]" = "iPhone Developer";
				COPY_PHASE_STRIP = NO;
				DEBUG_INFORMATION_FORMAT = "dwarf-with-dsym";
				ENABLE_NS_ASSERTIONS = NO;
				ENABLE_STRICT_OBJC_MSGSEND = YES;
				GCC_C_LANGUAGE_STANDARD = gnu99;
				GCC_NO_COMMON_BLOCKS = YES;
				GCC_WARN_64_TO_32_BIT_CONVERSION = YES;
				GCC_WARN_ABOUT_RETURN_TYPE = YES_ERROR;
				GCC_WARN_UNDECLARED_SELECTOR = YES;
				GCC_WARN_UNINITIALIZED_AUTOS = YES_AGGRESSIVE;
				GCC_WARN_UNUSED_FUNCTION = YES;
				GCC_WARN_UNUSED_VARIABLE = YES;
				IPHONEOS_DEPLOYMENT_TARGET = 10.0;
				MTL_ENABLE_DEBUG_INFO = NO;
				SDKROOT = iphoneos;
				SWIFT_OPTIMIZATION_LEVEL = "-Owholemodule";
				VALIDATE_PRODUCT = YES;
			};
			name = Release;
		};
		D905B55F1DED8B8400A6CE7A /* Debug */ = {
			isa = XCBuildConfiguration;
			baseConfigurationReference = 32E78E6C8D763FB011AFF853 /* Pods-SimpleWeather.debug.xcconfig */;
			buildSettings = {
				ASSETCATALOG_COMPILER_APPICON_NAME = AppIcon;
				INFOPLIST_FILE = SimpleWeather/Info.plist;
				LD_RUNPATH_SEARCH_PATHS = "$(inherited) @executable_path/Frameworks";
				PRODUCT_BUNDLE_IDENTIFIER = net.sashag.SimpleWeather;
				PRODUCT_NAME = "$(TARGET_NAME)";
				SWIFT_VERSION = 3.0;
			};
			name = Debug;
		};
		D905B5601DED8B8400A6CE7A /* Release */ = {
			isa = XCBuildConfiguration;
			baseConfigurationReference = 7AB52F91A363DD2185C033D4 /* Pods-SimpleWeather.release.xcconfig */;
			buildSettings = {
				ASSETCATALOG_COMPILER_APPICON_NAME = AppIcon;
				INFOPLIST_FILE = SimpleWeather/Info.plist;
				LD_RUNPATH_SEARCH_PATHS = "$(inherited) @executable_path/Frameworks";
				PRODUCT_BUNDLE_IDENTIFIER = net.sashag.SimpleWeather;
				PRODUCT_NAME = "$(TARGET_NAME)";
				SWIFT_VERSION = 3.0;
			};
			name = Release;
		};
		D905B5621DED8B8400A6CE7A /* Debug */ = {
			isa = XCBuildConfiguration;
			baseConfigurationReference = DA91DFB1AECCA6743A34A517 /* Pods-SimpleWeatherTests.debug.xcconfig */;
			buildSettings = {
				ALWAYS_EMBED_SWIFT_STANDARD_LIBRARIES = YES;
				BUNDLE_LOADER = "$(TEST_HOST)";
				INFOPLIST_FILE = SimpleWeatherTests/Info.plist;
				LD_RUNPATH_SEARCH_PATHS = "$(inherited) @executable_path/Frameworks @loader_path/Frameworks";
				PRODUCT_BUNDLE_IDENTIFIER = net.sashag.SimpleWeatherTests;
				PRODUCT_NAME = "$(TARGET_NAME)";
				SWIFT_VERSION = 3.0;
				TEST_HOST = "$(BUILT_PRODUCTS_DIR)/SimpleWeather.app/SimpleWeather";
			};
			name = Debug;
		};
		D905B5631DED8B8400A6CE7A /* Release */ = {
			isa = XCBuildConfiguration;
			baseConfigurationReference = FC6AF233C7C2EE078D9D1512 /* Pods-SimpleWeatherTests.release.xcconfig */;
			buildSettings = {
				ALWAYS_EMBED_SWIFT_STANDARD_LIBRARIES = YES;
				BUNDLE_LOADER = "$(TEST_HOST)";
				INFOPLIST_FILE = SimpleWeatherTests/Info.plist;
				LD_RUNPATH_SEARCH_PATHS = "$(inherited) @executable_path/Frameworks @loader_path/Frameworks";
				PRODUCT_BUNDLE_IDENTIFIER = net.sashag.SimpleWeatherTests;
				PRODUCT_NAME = "$(TARGET_NAME)";
				SWIFT_VERSION = 3.0;
				TEST_HOST = "$(BUILT_PRODUCTS_DIR)/SimpleWeather.app/SimpleWeather";
			};
			name = Release;
		};
		D905B5651DED8B8400A6CE7A /* Debug */ = {
			isa = XCBuildConfiguration;
			baseConfigurationReference = 50374EE3ABDD5D1B64B00E0C /* Pods-SimpleWeatherUITests.debug.xcconfig */;
			buildSettings = {
				ALWAYS_EMBED_SWIFT_STANDARD_LIBRARIES = YES;
				INFOPLIST_FILE = SimpleWeatherUITests/Info.plist;
				LD_RUNPATH_SEARCH_PATHS = "$(inherited) @executable_path/Frameworks @loader_path/Frameworks $(FRAMEWORK_SEARCH_PATHS)";
				PRODUCT_BUNDLE_IDENTIFIER = net.sashag.SimpleWeatherUITests;
				PRODUCT_NAME = "$(TARGET_NAME)";
				SWIFT_VERSION = 3.0;
				TEST_TARGET_NAME = SimpleWeather;
			};
			name = Debug;
		};
		D905B5661DED8B8400A6CE7A /* Release */ = {
			isa = XCBuildConfiguration;
			baseConfigurationReference = 06A0D9A5EB31AD07B29ED258 /* Pods-SimpleWeatherUITests.release.xcconfig */;
			buildSettings = {
				ALWAYS_EMBED_SWIFT_STANDARD_LIBRARIES = YES;
				INFOPLIST_FILE = SimpleWeatherUITests/Info.plist;
				LD_RUNPATH_SEARCH_PATHS = "$(inherited) @executable_path/Frameworks @loader_path/Frameworks $(FRAMEWORK_SEARCH_PATHS)";
				PRODUCT_BUNDLE_IDENTIFIER = net.sashag.SimpleWeatherUITests;
				PRODUCT_NAME = "$(TARGET_NAME)";
				SWIFT_VERSION = 3.0;
				TEST_TARGET_NAME = SimpleWeather;
			};
			name = Release;
		};
/* End XCBuildConfiguration section */

/* Begin XCConfigurationList section */
		D905B5311DED8B8300A6CE7A /* Build configuration list for PBXProject "SimpleWeather" */ = {
			isa = XCConfigurationList;
			buildConfigurations = (
				D905B55C1DED8B8400A6CE7A /* Debug */,
				D905B55D1DED8B8400A6CE7A /* Release */,
			);
			defaultConfigurationIsVisible = 0;
			defaultConfigurationName = Release;
		};
		D905B55E1DED8B8400A6CE7A /* Build configuration list for PBXNativeTarget "SimpleWeather" */ = {
			isa = XCConfigurationList;
			buildConfigurations = (
				D905B55F1DED8B8400A6CE7A /* Debug */,
				D905B5601DED8B8400A6CE7A /* Release */,
			);
			defaultConfigurationIsVisible = 0;
			defaultConfigurationName = Release;
		};
		D905B5611DED8B8400A6CE7A /* Build configuration list for PBXNativeTarget "SimpleWeatherTests" */ = {
			isa = XCConfigurationList;
			buildConfigurations = (
				D905B5621DED8B8400A6CE7A /* Debug */,
				D905B5631DED8B8400A6CE7A /* Release */,
			);
			defaultConfigurationIsVisible = 0;
			defaultConfigurationName = Release;
		};
		D905B5641DED8B8400A6CE7A /* Build configuration list for PBXNativeTarget "SimpleWeatherUITests" */ = {
			isa = XCConfigurationList;
			buildConfigurations = (
				D905B5651DED8B8400A6CE7A /* Debug */,
				D905B5661DED8B8400A6CE7A /* Release */,
			);
			defaultConfigurationIsVisible = 0;
			defaultConfigurationName = Release;
		};
/* End XCConfigurationList section */
	};
	rootObject = D905B52E1DED8B8300A6CE7A /* Project object */;
}
